// !$*UTF8*$!
{
	archiveVersion = 1;
	classes = {
	};
	objectVersion = 77;
	objects = {

/* Begin PBXContainerItemProxy section */
		C42A04A92C9E2CFE006A8BEE /* PBXContainerItemProxy */ = {
			isa = PBXContainerItemProxy;
			containerPortal = C42A04902C9E2CFC006A8BEE /* Project object */;
			proxyType = 1;
			remoteGlobalIDString = C42A04972C9E2CFC006A8BEE;
			remoteInfo = NotionApiApp;
		};
		C42A04B32C9E2CFE006A8BEE /* PBXContainerItemProxy */ = {
			isa = PBXContainerItemProxy;
			containerPortal = C42A04902C9E2CFC006A8BEE /* Project object */;
			proxyType = 1;
			remoteGlobalIDString = C42A04972C9E2CFC006A8BEE;
			remoteInfo = NotionApiApp;
		};
/* End PBXContainerItemProxy section */

/* Begin PBXFileReference section */
		C42A04982C9E2CFC006A8BEE /* NotionApiApp.app */ = {isa = PBXFileReference; explicitFileType = wrapper.application; includeInIndex = 0; path = NotionApiApp.app; sourceTree = BUILT_PRODUCTS_DIR; };
		C42A04A82C9E2CFE006A8BEE /* NotionApiAppTests.xctest */ = {isa = PBXFileReference; explicitFileType = wrapper.cfbundle; includeInIndex = 0; path = NotionApiAppTests.xctest; sourceTree = BUILT_PRODUCTS_DIR; };
		C42A04B22C9E2CFE006A8BEE /* NotionApiAppUITests.xctest */ = {isa = PBXFileReference; explicitFileType = wrapper.cfbundle; includeInIndex = 0; path = NotionApiAppUITests.xctest; sourceTree = BUILT_PRODUCTS_DIR; };
/* End PBXFileReference section */

/* Begin PBXFileSystemSynchronizedRootGroup section */
		C42A049A2C9E2CFC006A8BEE /* NotionApiApp */ = {
			isa = PBXFileSystemSynchronizedRootGroup;
			path = NotionApiApp;
			sourceTree = "<group>";
		};
		C42A04AB2C9E2CFE006A8BEE /* NotionApiAppTests */ = {
			isa = PBXFileSystemSynchronizedRootGroup;
			path = NotionApiAppTests;
			sourceTree = "<group>";
		};
		C42A04B52C9E2CFE006A8BEE /* NotionApiAppUITests */ = {
			isa = PBXFileSystemSynchronizedRootGroup;
			path = NotionApiAppUITests;
			sourceTree = "<group>";
		};
/* End PBXFileSystemSynchronizedRootGroup section */

/* Begin PBXFrameworksBuildPhase section */
		C42A04952C9E2CFC006A8BEE /* Frameworks */ = {
			isa = PBXFrameworksBuildPhase;
			buildActionMask = 2147483647;
			files = (
			);
			runOnlyForDeploymentPostprocessing = 0;
		};
		C42A04A52C9E2CFE006A8BEE /* Frameworks */ = {
			isa = PBXFrameworksBuildPhase;
			buildActionMask = 2147483647;
			files = (
			);
			runOnlyForDeploymentPostprocessing = 0;
		};
		C42A04AF2C9E2CFE006A8BEE /* Frameworks */ = {
			isa = PBXFrameworksBuildPhase;
			buildActionMask = 2147483647;
			files = (
			);
			runOnlyForDeploymentPostprocessing = 0;
		};
/* End PBXFrameworksBuildPhase section */

/* Begin PBXGroup section */
		C42A048F2C9E2CFC006A8BEE = {
			isa = PBXGroup;
			children = (
				C42A049A2C9E2CFC006A8BEE /* NotionApiApp */,
				C42A04AB2C9E2CFE006A8BEE /* NotionApiAppTests */,
				C42A04B52C9E2CFE006A8BEE /* NotionApiAppUITests */,
				C42A04992C9E2CFC006A8BEE /* Products */,
			);
			sourceTree = "<group>";
		};
		C42A04992C9E2CFC006A8BEE /* Products */ = {
			isa = PBXGroup;
			children = (
				C42A04982C9E2CFC006A8BEE /* NotionApiApp.app */,
				C42A04A82C9E2CFE006A8BEE /* NotionApiAppTests.xctest */,
				C42A04B22C9E2CFE006A8BEE /* NotionApiAppUITests.xctest */,
			);
			name = Products;
			sourceTree = "<group>";
		};
/* End PBXGroup section */

/* Begin PBXNativeTarget section */
		C42A04972C9E2CFC006A8BEE /* NotionApiApp */ = {
			isa = PBXNativeTarget;
			buildConfigurationList = C42A04BC2C9E2CFE006A8BEE /* Build configuration list for PBXNativeTarget "NotionApiApp" */;
			buildPhases = (
				C42A04942C9E2CFC006A8BEE /* Sources */,
				C42A04952C9E2CFC006A8BEE /* Frameworks */,
				C42A04962C9E2CFC006A8BEE /* Resources */,
			);
			buildRules = (
			);
			dependencies = (
			);
			fileSystemSynchronizedGroups = (
				C42A049A2C9E2CFC006A8BEE /* NotionApiApp */,
			);
			name = NotionApiApp;
			packageProductDependencies = (
			);
			productName = NotionApiApp;
			productReference = C42A04982C9E2CFC006A8BEE /* NotionApiApp.app */;
			productType = "com.apple.product-type.application";
		};
		C42A04A72C9E2CFE006A8BEE /* NotionApiAppTests */ = {
			isa = PBXNativeTarget;
			buildConfigurationList = C42A04BF2C9E2CFE006A8BEE /* Build configuration list for PBXNativeTarget "NotionApiAppTests" */;
			buildPhases = (
				C42A04A42C9E2CFE006A8BEE /* Sources */,
				C42A04A52C9E2CFE006A8BEE /* Frameworks */,
				C42A04A62C9E2CFE006A8BEE /* Resources */,
			);
			buildRules = (
			);
			dependencies = (
				C42A04AA2C9E2CFE006A8BEE /* PBXTargetDependency */,
			);
			fileSystemSynchronizedGroups = (
				C42A04AB2C9E2CFE006A8BEE /* NotionApiAppTests */,
			);
			name = NotionApiAppTests;
			packageProductDependencies = (
			);
			productName = NotionApiAppTests;
			productReference = C42A04A82C9E2CFE006A8BEE /* NotionApiAppTests.xctest */;
			productType = "com.apple.product-type.bundle.unit-test";
		};
		C42A04B12C9E2CFE006A8BEE /* NotionApiAppUITests */ = {
			isa = PBXNativeTarget;
			buildConfigurationList = C42A04C22C9E2CFE006A8BEE /* Build configuration list for PBXNativeTarget "NotionApiAppUITests" */;
			buildPhases = (
				C42A04AE2C9E2CFE006A8BEE /* Sources */,
				C42A04AF2C9E2CFE006A8BEE /* Frameworks */,
				C42A04B02C9E2CFE006A8BEE /* Resources */,
			);
			buildRules = (
			);
			dependencies = (
				C42A04B42C9E2CFE006A8BEE /* PBXTargetDependency */,
			);
			fileSystemSynchronizedGroups = (
				C42A04B52C9E2CFE006A8BEE /* NotionApiAppUITests */,
			);
			name = NotionApiAppUITests;
			packageProductDependencies = (
			);
			productName = NotionApiAppUITests;
			productReference = C42A04B22C9E2CFE006A8BEE /* NotionApiAppUITests.xctest */;
			productType = "com.apple.product-type.bundle.ui-testing";
		};
/* End PBXNativeTarget section */

/* Begin PBXProject section */
		C42A04902C9E2CFC006A8BEE /* Project object */ = {
			isa = PBXProject;
			attributes = {
				BuildIndependentTargetsInParallel = 1;
				LastSwiftUpdateCheck = 1600;
				LastUpgradeCheck = 1600;
				TargetAttributes = {
					C42A04972C9E2CFC006A8BEE = {
						CreatedOnToolsVersion = 16.0;
					};
					C42A04A72C9E2CFE006A8BEE = {
						CreatedOnToolsVersion = 16.0;
						TestTargetID = C42A04972C9E2CFC006A8BEE;
					};
					C42A04B12C9E2CFE006A8BEE = {
						CreatedOnToolsVersion = 16.0;
						TestTargetID = C42A04972C9E2CFC006A8BEE;
					};
				};
			};
			buildConfigurationList = C42A04932C9E2CFC006A8BEE /* Build configuration list for PBXProject "NotionApiApp" */;
			developmentRegion = en;
			hasScannedForEncodings = 0;
			knownRegions = (
				en,
				Base,
			);
			mainGroup = C42A048F2C9E2CFC006A8BEE;
			minimizedProjectReferenceProxies = 1;
			preferredProjectObjectVersion = 77;
			productRefGroup = C42A04992C9E2CFC006A8BEE /* Products */;
			projectDirPath = "";
			projectRoot = "";
			targets = (
				C42A04972C9E2CFC006A8BEE /* NotionApiApp */,
				C42A04A72C9E2CFE006A8BEE /* NotionApiAppTests */,
				C42A04B12C9E2CFE006A8BEE /* NotionApiAppUITests */,
			);
		};
/* End PBXProject section */

/* Begin PBXResourcesBuildPhase section */
		C42A04962C9E2CFC006A8BEE /* Resources */ = {
			isa = PBXResourcesBuildPhase;
			buildActionMask = 2147483647;
			files = (
			);
			runOnlyForDeploymentPostprocessing = 0;
		};
		C42A04A62C9E2CFE006A8BEE /* Resources */ = {
			isa = PBXResourcesBuildPhase;
			buildActionMask = 2147483647;
			files = (
			);
			runOnlyForDeploymentPostprocessing = 0;
		};
		C42A04B02C9E2CFE006A8BEE /* Resources */ = {
			isa = PBXResourcesBuildPhase;
			buildActionMask = 2147483647;
			files = (
			);
			runOnlyForDeploymentPostprocessing = 0;
		};
/* End PBXResourcesBuildPhase section */

/* Begin PBXSourcesBuildPhase section */
		C42A04942C9E2CFC006A8BEE /* Sources */ = {
			isa = PBXSourcesBuildPhase;
			buildActionMask = 2147483647;
			files = (
			);
			runOnlyForDeploymentPostprocessing = 0;
		};
		C42A04A42C9E2CFE006A8BEE /* Sources */ = {
			isa = PBXSourcesBuildPhase;
			buildActionMask = 2147483647;
			files = (
			);
			runOnlyForDeploymentPostprocessing = 0;
		};
		C42A04AE2C9E2CFE006A8BEE /* Sources */ = {
			isa = PBXSourcesBuildPhase;
			buildActionMask = 2147483647;
			files = (
			);
			runOnlyForDeploymentPostprocessing = 0;
		};
/* End PBXSourcesBuildPhase section */

/* Begin PBXTargetDependency section */
		C42A04AA2C9E2CFE006A8BEE /* PBXTargetDependency */ = {
			isa = PBXTargetDependency;
			target = C42A04972C9E2CFC006A8BEE /* NotionApiApp */;
			targetProxy = C42A04A92C9E2CFE006A8BEE /* PBXContainerItemProxy */;
		};
		C42A04B42C9E2CFE006A8BEE /* PBXTargetDependency */ = {
			isa = PBXTargetDependency;
			target = C42A04972C9E2CFC006A8BEE /* NotionApiApp */;
			targetProxy = C42A04B32C9E2CFE006A8BEE /* PBXContainerItemProxy */;
		};
/* End PBXTargetDependency section */

/* Begin XCBuildConfiguration section */
		C42A04BA2C9E2CFE006A8BEE /* Debug */ = {
			isa = XCBuildConfiguration;
			buildSettings = {
				ALWAYS_SEARCH_USER_PATHS = NO;
				ASSETCATALOG_COMPILER_GENERATE_SWIFT_ASSET_SYMBOL_EXTENSIONS = YES;
				CLANG_ANALYZER_NONNULL = YES;
				CLANG_ANALYZER_NUMBER_OBJECT_CONVERSION = YES_AGGRESSIVE;
				CLANG_CXX_LANGUAGE_STANDARD = "gnu++20";
				CLANG_ENABLE_MODULES = YES;
				CLANG_ENABLE_OBJC_ARC = YES;
				CLANG_ENABLE_OBJC_WEAK = YES;
				CLANG_WARN_BLOCK_CAPTURE_AUTORELEASING = YES;
				CLANG_WARN_BOOL_CONVERSION = YES;
				CLANG_WARN_COMMA = YES;
				CLANG_WARN_CONSTANT_CONVERSION = YES;
				CLANG_WARN_DEPRECATED_OBJC_IMPLEMENTATIONS = YES;
				CLANG_WARN_DIRECT_OBJC_ISA_USAGE = YES_ERROR;
				CLANG_WARN_DOCUMENTATION_COMMENTS = YES;
				CLANG_WARN_EMPTY_BODY = YES;
				CLANG_WARN_ENUM_CONVERSION = YES;
				CLANG_WARN_INFINITE_RECURSION = YES;
				CLANG_WARN_INT_CONVERSION = YES;
				CLANG_WARN_NON_LITERAL_NULL_CONVERSION = YES;
				CLANG_WARN_OBJC_IMPLICIT_RETAIN_SELF = YES;
				CLANG_WARN_OBJC_LITERAL_CONVERSION = YES;
				CLANG_WARN_OBJC_ROOT_CLASS = YES_ERROR;
				CLANG_WARN_QUOTED_INCLUDE_IN_FRAMEWORK_HEADER = YES;
				CLANG_WARN_RANGE_LOOP_ANALYSIS = YES;
				CLANG_WARN_STRICT_PROTOTYPES = YES;
				CLANG_WARN_SUSPICIOUS_MOVE = YES;
				CLANG_WARN_UNGUARDED_AVAILABILITY = YES_AGGRESSIVE;
				CLANG_WARN_UNREACHABLE_CODE = YES;
				CLANG_WARN__DUPLICATE_METHOD_MATCH = YES;
				COPY_PHASE_STRIP = NO;
				DEBUG_INFORMATION_FORMAT = dwarf;
				ENABLE_STRICT_OBJC_MSGSEND = YES;
				ENABLE_TESTABILITY = YES;
				ENABLE_USER_SCRIPT_SANDBOXING = YES;
				GCC_C_LANGUAGE_STANDARD = gnu17;
				GCC_DYNAMIC_NO_PIC = NO;
				GCC_NO_COMMON_BLOCKS = YES;
				GCC_OPTIMIZATION_LEVEL = 0;
				GCC_PREPROCESSOR_DEFINITIONS = (
					"DEBUG=1",
					"$(inherited)",
				);
				GCC_WARN_64_TO_32_BIT_CONVERSION = YES;
				GCC_WARN_ABOUT_RETURN_TYPE = YES_ERROR;
				GCC_WARN_UNDECLARED_SELECTOR = YES;
				GCC_WARN_UNINITIALIZED_AUTOS = YES_AGGRESSIVE;
				GCC_WARN_UNUSED_FUNCTION = YES;
				GCC_WARN_UNUSED_VARIABLE = YES;
				IPHONEOS_DEPLOYMENT_TARGET = 18.0;
				LOCALIZATION_PREFERS_STRING_CATALOGS = YES;
				MTL_ENABLE_DEBUG_INFO = INCLUDE_SOURCE;
				MTL_FAST_MATH = YES;
				ONLY_ACTIVE_ARCH = YES;
				SDKROOT = iphoneos;
				SWIFT_ACTIVE_COMPILATION_CONDITIONS = "DEBUG $(inherited)";
				SWIFT_OPTIMIZATION_LEVEL = "-Onone";
			};
			name = Debug;
		};
		C42A04BB2C9E2CFE006A8BEE /* Release */ = {
			isa = XCBuildConfiguration;
			buildSettings = {
				ALWAYS_SEARCH_USER_PATHS = NO;
				ASSETCATALOG_COMPILER_GENERATE_SWIFT_ASSET_SYMBOL_EXTENSIONS = YES;
				CLANG_ANALYZER_NONNULL = YES;
				CLANG_ANALYZER_NUMBER_OBJECT_CONVERSION = YES_AGGRESSIVE;
				CLANG_CXX_LANGUAGE_STANDARD = "gnu++20";
				CLANG_ENABLE_MODULES = YES;
				CLANG_ENABLE_OBJC_ARC = YES;
				CLANG_ENABLE_OBJC_WEAK = YES;
				CLANG_WARN_BLOCK_CAPTURE_AUTORELEASING = YES;
				CLANG_WARN_BOOL_CONVERSION = YES;
				CLANG_WARN_COMMA = YES;
				CLANG_WARN_CONSTANT_CONVERSION = YES;
				CLANG_WARN_DEPRECATED_OBJC_IMPLEMENTATIONS = YES;
				CLANG_WARN_DIRECT_OBJC_ISA_USAGE = YES_ERROR;
				CLANG_WARN_DOCUMENTATION_COMMENTS = YES;
				CLANG_WARN_EMPTY_BODY = YES;
				CLANG_WARN_ENUM_CONVERSION = YES;
				CLANG_WARN_INFINITE_RECURSION = YES;
				CLANG_WARN_INT_CONVERSION = YES;
				CLANG_WARN_NON_LITERAL_NULL_CONVERSION = YES;
				CLANG_WARN_OBJC_IMPLICIT_RETAIN_SELF = YES;
				CLANG_WARN_OBJC_LITERAL_CONVERSION = YES;
				CLANG_WARN_OBJC_ROOT_CLASS = YES_ERROR;
				CLANG_WARN_QUOTED_INCLUDE_IN_FRAMEWORK_HEADER = YES;
				CLANG_WARN_RANGE_LOOP_ANALYSIS = YES;
				CLANG_WARN_STRICT_PROTOTYPES = YES;
				CLANG_WARN_SUSPICIOUS_MOVE = YES;
				CLANG_WARN_UNGUARDED_AVAILABILITY = YES_AGGRESSIVE;
				CLANG_WARN_UNREACHABLE_CODE = YES;
				CLANG_WARN__DUPLICATE_METHOD_MATCH = YES;
				COPY_PHASE_STRIP = NO;
				DEBUG_INFORMATION_FORMAT = "dwarf-with-dsym";
				ENABLE_NS_ASSERTIONS = NO;
				ENABLE_STRICT_OBJC_MSGSEND = YES;
				ENABLE_USER_SCRIPT_SANDBOXING = YES;
				GCC_C_LANGUAGE_STANDARD = gnu17;
				GCC_NO_COMMON_BLOCKS = YES;
				GCC_WARN_64_TO_32_BIT_CONVERSION = YES;
				GCC_WARN_ABOUT_RETURN_TYPE = YES_ERROR;
				GCC_WARN_UNDECLARED_SELECTOR = YES;
				GCC_WARN_UNINITIALIZED_AUTOS = YES_AGGRESSIVE;
				GCC_WARN_UNUSED_FUNCTION = YES;
				GCC_WARN_UNUSED_VARIABLE = YES;
				IPHONEOS_DEPLOYMENT_TARGET = 18.0;
				LOCALIZATION_PREFERS_STRING_CATALOGS = YES;
				MTL_ENABLE_DEBUG_INFO = NO;
				MTL_FAST_MATH = YES;
				SDKROOT = iphoneos;
				SWIFT_COMPILATION_MODE = wholemodule;
				VALIDATE_PRODUCT = YES;
			};
			name = Release;
		};
		C42A04BD2C9E2CFE006A8BEE /* Debug */ = {
			isa = XCBuildConfiguration;
			buildSettings = {
				ASSETCATALOG_COMPILER_APPICON_NAME = AppIcon;
				ASSETCATALOG_COMPILER_GLOBAL_ACCENT_COLOR_NAME = AccentColor;
				CODE_SIGN_STYLE = Automatic;
				CURRENT_PROJECT_VERSION = 1;
				DEVELOPMENT_ASSET_PATHS = "\"NotionApiApp/Preview Content\"";
				DEVELOPMENT_TEAM = 9R2K585WHA;
				ENABLE_PREVIEWS = YES;
				GENERATE_INFOPLIST_FILE = YES;
				INFOPLIST_KEY_UIApplicationSceneManifest_Generation = YES;
				INFOPLIST_KEY_UIApplicationSupportsIndirectInputEvents = YES;
				INFOPLIST_KEY_UILaunchScreen_Generation = YES;
				INFOPLIST_KEY_UISupportedInterfaceOrientations_iPad = "UIInterfaceOrientationPortrait UIInterfaceOrientationPortraitUpsideDown UIInterfaceOrientationLandscapeLeft UIInterfaceOrientationLandscapeRight";
				INFOPLIST_KEY_UISupportedInterfaceOrientations_iPhone = "UIInterfaceOrientationPortrait UIInterfaceOrientationLandscapeLeft UIInterfaceOrientationLandscapeRight";
				LD_RUNPATH_SEARCH_PATHS = (
					"$(inherited)",
					"@executable_path/Frameworks",
				);
				MARKETING_VERSION = 1.0;
				PRODUCT_BUNDLE_IDENTIFIER = bearlikecode.com.NotionApiApp;
				PRODUCT_NAME = "$(TARGET_NAME)";
				SWIFT_EMIT_LOC_STRINGS = YES;
				SWIFT_VERSION = 5.0;
				TARGETED_DEVICE_FAMILY = "1,2";
			};
			name = Debug;
		};
		C42A04BE2C9E2CFE006A8BEE /* Release */ = {
			isa = XCBuildConfiguration;
			buildSettings = {
				ASSETCATALOG_COMPILER_APPICON_NAME = AppIcon;
				ASSETCATALOG_COMPILER_GLOBAL_ACCENT_COLOR_NAME = AccentColor;
				CODE_SIGN_STYLE = Automatic;
				CURRENT_PROJECT_VERSION = 1;
				DEVELOPMENT_ASSET_PATHS = "\"NotionApiApp/Preview Content\"";
				DEVELOPMENT_TEAM = 9R2K585WHA;
				ENABLE_PREVIEWS = YES;
				GENERATE_INFOPLIST_FILE = YES;
				INFOPLIST_KEY_UIApplicationSceneManifest_Generation = YES;
				INFOPLIST_KEY_UIApplicationSupportsIndirectInputEvents = YES;
				INFOPLIST_KEY_UILaunchScreen_Generation = YES;
				INFOPLIST_KEY_UISupportedInterfaceOrientations_iPad = "UIInterfaceOrientationPortrait UIInterfaceOrientationPortraitUpsideDown UIInterfaceOrientationLandscapeLeft UIInterfaceOrientationLandscapeRight";
				INFOPLIST_KEY_UISupportedInterfaceOrientations_iPhone = "UIInterfaceOrientationPortrait UIInterfaceOrientationLandscapeLeft UIInterfaceOrientationLandscapeRight";
				LD_RUNPATH_SEARCH_PATHS = (
					"$(inherited)",
					"@executable_path/Frameworks",
				);
				MARKETING_VERSION = 1.0;
				PRODUCT_BUNDLE_IDENTIFIER = bearlikecode.com.NotionApiApp;
				PRODUCT_NAME = "$(TARGET_NAME)";
				SWIFT_EMIT_LOC_STRINGS = YES;
				SWIFT_VERSION = 5.0;
				TARGETED_DEVICE_FAMILY = "1,2";
			};
			name = Release;
		};
		C42A04C02C9E2CFE006A8BEE /* Debug */ = {
			isa = XCBuildConfiguration;
			buildSettings = {
				BUNDLE_LOADER = "$(TEST_HOST)";
				CODE_SIGN_STYLE = Automatic;
				CURRENT_PROJECT_VERSION = 1;
				DEVELOPMENT_TEAM = 9R2K585WHA;
				GENERATE_INFOPLIST_FILE = YES;
				IPHONEOS_DEPLOYMENT_TARGET = 18.0;
				MARKETING_VERSION = 1.0;
				PRODUCT_BUNDLE_IDENTIFIER = bearlikecode.com.NotionApiAppTests;
				PRODUCT_NAME = "$(TARGET_NAME)";
				SWIFT_EMIT_LOC_STRINGS = NO;
				SWIFT_VERSION = 5.0;
				TARGETED_DEVICE_FAMILY = "1,2";
				TEST_HOST = "$(BUILT_PRODUCTS_DIR)/NotionApiApp.app/$(BUNDLE_EXECUTABLE_FOLDER_PATH)/NotionApiApp";
			};
			name = Debug;
		};
		C42A04C12C9E2CFE006A8BEE /* Release */ = {
			isa = XCBuildConfiguration;
			buildSettings = {
				BUNDLE_LOADER = "$(TEST_HOST)";
				CODE_SIGN_STYLE = Automatic;
				CURRENT_PROJECT_VERSION = 1;
				DEVELOPMENT_TEAM = 9R2K585WHA;
				GENERATE_INFOPLIST_FILE = YES;
				IPHONEOS_DEPLOYMENT_TARGET = 18.0;
				MARKETING_VERSION = 1.0;
				PRODUCT_BUNDLE_IDENTIFIER = bearlikecode.com.NotionApiAppTests;
				PRODUCT_NAME = "$(TARGET_NAME)";
				SWIFT_EMIT_LOC_STRINGS = NO;
				SWIFT_VERSION = 5.0;
				TARGETED_DEVICE_FAMILY = "1,2";
				TEST_HOST = "$(BUILT_PRODUCTS_DIR)/NotionApiApp.app/$(BUNDLE_EXECUTABLE_FOLDER_PATH)/NotionApiApp";
			};
			name = Release;
		};
		C42A04C32C9E2CFE006A8BEE /* Debug */ = {
			isa = XCBuildConfiguration;
			buildSettings = {
				CODE_SIGN_STYLE = Automatic;
				CURRENT_PROJECT_VERSION = 1;
				DEVELOPMENT_TEAM = 9R2K585WHA;
				GENERATE_INFOPLIST_FILE = YES;
				MARKETING_VERSION = 1.0;
				PRODUCT_BUNDLE_IDENTIFIER = bearlikecode.com.NotionApiAppUITests;
				PRODUCT_NAME = "$(TARGET_NAME)";
				SWIFT_EMIT_LOC_STRINGS = NO;
				SWIFT_VERSION = 5.0;
				TARGETED_DEVICE_FAMILY = "1,2";
				TEST_TARGET_NAME = NotionApiApp;
			};
			name = Debug;
		};
		C42A04C42C9E2CFE006A8BEE /* Release */ = {
			isa = XCBuildConfiguration;
			buildSettings = {
				CODE_SIGN_STYLE = Automatic;
				CURRENT_PROJECT_VERSION = 1;
				DEVELOPMENT_TEAM = 9R2K585WHA;
				GENERATE_INFOPLIST_FILE = YES;
				MARKETING_VERSION = 1.0;
				PRODUCT_BUNDLE_IDENTIFIER = bearlikecode.com.NotionApiAppUITests;
				PRODUCT_NAME = "$(TARGET_NAME)";
				SWIFT_EMIT_LOC_STRINGS = NO;
				SWIFT_VERSION = 5.0;
				TARGETED_DEVICE_FAMILY = "1,2";
				TEST_TARGET_NAME = NotionApiApp;
			};
			name = Release;
		};
/* End XCBuildConfiguration section */

/* Begin XCConfigurationList section */
		C42A04932C9E2CFC006A8BEE /* Build configuration list for PBXProject "NotionApiApp" */ = {
			isa = XCConfigurationList;
			buildConfigurations = (
				C42A04BA2C9E2CFE006A8BEE /* Debug */,
				C42A04BB2C9E2CFE006A8BEE /* Release */,
			);
			defaultConfigurationIsVisible = 0;
			defaultConfigurationName = Release;
		};
		C42A04BC2C9E2CFE006A8BEE /* Build configuration list for PBXNativeTarget "NotionApiApp" */ = {
			isa = XCConfigurationList;
			buildConfigurations = (
				C42A04BD2C9E2CFE006A8BEE /* Debug */,
				C42A04BE2C9E2CFE006A8BEE /* Release */,
			);
			defaultConfigurationIsVisible = 0;
			defaultConfigurationName = Release;
		};
		C42A04BF2C9E2CFE006A8BEE /* Build configuration list for PBXNativeTarget "NotionApiAppTests" */ = {
			isa = XCConfigurationList;
			buildConfigurations = (
				C42A04C02C9E2CFE006A8BEE /* Debug */,
				C42A04C12C9E2CFE006A8BEE /* Release */,
			);
			defaultConfigurationIsVisible = 0;
			defaultConfigurationName = Release;
		};
		C42A04C22C9E2CFE006A8BEE /* Build configuration list for PBXNativeTarget "NotionApiAppUITests" */ = {
			isa = XCConfigurationList;
			buildConfigurations = (
				C42A04C32C9E2CFE006A8BEE /* Debug */,
				C42A04C42C9E2CFE006A8BEE /* Release */,
			);
			defaultConfigurationIsVisible = 0;
			defaultConfigurationName = Release;
		};
/* End XCConfigurationList section */
	};
	rootObject = C42A04902C9E2CFC006A8BEE /* Project object */;
}
